
Microsoft Visual Studio Solution File, Format Version 12.00
# Visual Studio Version 17
VisualStudioVersion = 17.0.31903.59
MinimumVisualStudioVersion = 10.0.40219.1
Project("{2150E333-8FDC-42A3-9474-1A3956D46DE8}") = "src", "src", "{7B3140D5-4CBB-4B43-BDB0-621E95C4689C}"
EndProject
Project("{2150E333-8FDC-42A3-9474-1A3956D46DE8}") = "Domain", "Domain", "{BB41FC1F-3121-4773-8B83-A674F0CC338D}"
EndProject
Project("{9A19103F-16F7-4668-BE54-9A1E7A4F7556}") = "Model", "src\Domain\Model\Model.csproj", "{B6CAAB76-C94E-4A5B-8B3A-12EB2362E68A}"
EndProject
Project("{9A19103F-16F7-4668-BE54-9A1E7A4F7556}") = "UseCases", "src\Domain\UseCases\UseCases.csproj", "{F2A52A0B-2049-4A81-9B69-F8EB3A354CDD}"
EndProject
Project("{9A19103F-16F7-4668-BE54-9A1E7A4F7556}") = "Api", "src\Api\Api.csproj", "{166FFF8E-86F7-473B-B68D-77338D4FC7E2}"
EndProject
Project("{2150E333-8FDC-42A3-9474-1A3956D46DE8}") = "Infrastructure", "Infrastructure", "{479A80AA-BE57-4921-8059-764FEC914E19}"
EndProject
Project("{2150E333-8FDC-42A3-9474-1A3956D46DE8}") = "EntryPoints", "EntryPoints", "{D3B31437-6B20-4C42-B6F2-3BC2783373A2}"
EndProject
Project("{9A19103F-16F7-4668-BE54-9A1E7A4F7556}") = "Web", "src\Infrastructure\EntryPoints\Web\Web.csproj", "{5A99211B-3307-4145-8E68-245645C11E6E}"
EndProject
Project("{2150E333-8FDC-42A3-9474-1A3956D46DE8}") = "Solution Items", "Solution Items", "{A680589B-81F5-417C-B968-F1A53BA7C735}"
	ProjectSection(SolutionItems) = preProject
		README.md = README.md
	EndProjectSection
EndProject
Project("{2150E333-8FDC-42A3-9474-1A3956D46DE8}") = "Adapters", "Adapters", "{E2F20BD2-5029-4AA4-8AFF-18C095169C8A}"
EndProject
Project("{FAE04EC0-301F-11D3-BF4B-00C04F79EFBC}") = "Mongo", "src\Infrastructure\Adapters\Mongo\Mongo.csproj", "{1DC0002B-3A4B-42CE-BD75-0828ED7170D0}"
EndProject
Global
	GlobalSection(SolutionConfigurationPlatforms) = preSolution
		Debug|Any CPU = Debug|Any CPU
		Release|Any CPU = Release|Any CPU
	EndGlobalSection
	GlobalSection(ProjectConfigurationPlatforms) = postSolution
		{B6CAAB76-C94E-4A5B-8B3A-12EB2362E68A}.Debug|Any CPU.ActiveCfg = Debug|Any CPU
		{B6CAAB76-C94E-4A5B-8B3A-12EB2362E68A}.Debug|Any CPU.Build.0 = Debug|Any CPU
		{B6CAAB76-C94E-4A5B-8B3A-12EB2362E68A}.Release|Any CPU.ActiveCfg = Release|Any CPU
		{B6CAAB76-C94E-4A5B-8B3A-12EB2362E68A}.Release|Any CPU.Build.0 = Release|Any CPU
		{F2A52A0B-2049-4A81-9B69-F8EB3A354CDD}.Debug|Any CPU.ActiveCfg = Debug|Any CPU
		{F2A52A0B-2049-4A81-9B69-F8EB3A354CDD}.Debug|Any CPU.Build.0 = Debug|Any CPU
		{F2A52A0B-2049-4A81-9B69-F8EB3A354CDD}.Release|Any CPU.ActiveCfg = Release|Any CPU
		{F2A52A0B-2049-4A81-9B69-F8EB3A354CDD}.Release|Any CPU.Build.0 = Release|Any CPU
		{166FFF8E-86F7-473B-B68D-77338D4FC7E2}.Debug|Any CPU.ActiveCfg = Debug|Any CPU
		{166FFF8E-86F7-473B-B68D-77338D4FC7E2}.Debug|Any CPU.Build.0 = Debug|Any CPU
		{166FFF8E-86F7-473B-B68D-77338D4FC7E2}.Release|Any CPU.ActiveCfg = Release|Any CPU
		{166FFF8E-86F7-473B-B68D-77338D4FC7E2}.Release|Any CPU.Build.0 = Release|Any CPU
		{5A99211B-3307-4145-8E68-245645C11E6E}.Debug|Any CPU.ActiveCfg = Debug|Any CPU
		{5A99211B-3307-4145-8E68-245645C11E6E}.Debug|Any CPU.Build.0 = Debug|Any CPU
		{5A99211B-3307-4145-8E68-245645C11E6E}.Release|Any CPU.ActiveCfg = Release|Any CPU
		{5A99211B-3307-4145-8E68-245645C11E6E}.Release|Any CPU.Build.0 = Release|Any CPU
		{1DC0002B-3A4B-42CE-BD75-0828ED7170D0}.Debug|Any CPU.ActiveCfg = Debug|Any CPU
		{1DC0002B-3A4B-42CE-BD75-0828ED7170D0}.Debug|Any CPU.Build.0 = Debug|Any CPU
		{1DC0002B-3A4B-42CE-BD75-0828ED7170D0}.Release|Any CPU.ActiveCfg = Release|Any CPU
		{1DC0002B-3A4B-42CE-BD75-0828ED7170D0}.Release|Any CPU.Build.0 = Release|Any CPU
	EndGlobalSection
	GlobalSection(SolutionProperties) = preSolution
		HideSolutionNode = FALSE
	EndGlobalSection
	GlobalSection(NestedProjects) = preSolution
		{BB41FC1F-3121-4773-8B83-A674F0CC338D} = {7B3140D5-4CBB-4B43-BDB0-621E95C4689C}
		{B6CAAB76-C94E-4A5B-8B3A-12EB2362E68A} = {BB41FC1F-3121-4773-8B83-A674F0CC338D}
		{F2A52A0B-2049-4A81-9B69-F8EB3A354CDD} = {BB41FC1F-3121-4773-8B83-A674F0CC338D}
		{166FFF8E-86F7-473B-B68D-77338D4FC7E2} = {7B3140D5-4CBB-4B43-BDB0-621E95C4689C}
		{479A80AA-BE57-4921-8059-764FEC914E19} = {7B3140D5-4CBB-4B43-BDB0-621E95C4689C}
		{D3B31437-6B20-4C42-B6F2-3BC2783373A2} = {479A80AA-BE57-4921-8059-764FEC914E19}
		{5A99211B-3307-4145-8E68-245645C11E6E} = {D3B31437-6B20-4C42-B6F2-3BC2783373A2}
		{E2F20BD2-5029-4AA4-8AFF-18C095169C8A} = {479A80AA-BE57-4921-8059-764FEC914E19}
		{1DC0002B-3A4B-42CE-BD75-0828ED7170D0} = {E2F20BD2-5029-4AA4-8AFF-18C095169C8A}
	EndGlobalSection
	GlobalSection(ExtensibilityGlobals) = postSolution
		SolutionGuid = {BA87321A-CEEE-4410-8838-2A95B5544AD8}
	EndGlobalSection
EndGlobal
